{
  "name": "final-project",
  "lockfileVersion": 3,
  "requires": true,
  "packages": {
    "": {
      "devDependencies": {
        "@grcmichael/gscroll": "^1.0.15"
      }
    },
    "node_modules/@grcmichael/gscroll": {
      "version": "1.0.15",
      "resolved": "https://registry.npmjs.org/@grcmichael/gscroll/-/gscroll-1.0.15.tgz",
      "integrity": "sha512-zJX6P0Yxgb4Bt/EGZa1NSkyuVonUsYiKFKMBHNxJQaWZjZvXgpNUZfd0EbO1NrI5anr0xRmLQVGIVsn57usvIw==",
      "dev": true,
      "dependencies": {
        "gsap": "^3.6.1"
      }
    },
    "node_modules/gsap": {
      "version": "3.11.5",
      "resolved": "https://registry.npmjs.org/gsap/-/gsap-3.11.5.tgz",
      "integrity": "sha512-Q89nKCLgoX5xUjznh9LcaIUkz54k1voNucT1Rpf9SJNFIQznBwFqt5qUUQbeVInFyN/n18OUJkpeI6CNEDt74w==",
      "dev": true
    }
  }
}
